
Microsoft Visual Studio Solution File, Format Version 11.00
# Visual Studio 2010
Project("{8BC9CEB8-8B4A-11D0-8D11-00A0C91BC942}") = "PAL12", "PAL12\PAL12.vcxproj", "{653B87AB-D446-4D66-8D1B-ED76CEEC6E51}"
EndProject
Project("{8BC9CEB8-8B4A-11D0-8D11-00A0C91BC942}") = "TerrainTool", "TerrainTool\TerrainTool.vcxproj", "{0D5F0398-ED57-40B9-89CE-3C8B7F404DB8}"
EndProject
Project("{8BC9CEB8-8B4A-11D0-8D11-00A0C91BC942}") = "test", "test\test.vcxproj", "{62BD8C91-5941-4442-9DE5-73FDCFD8E54B}"
EndProject
Project("{8BC9CEB8-8B4A-11D0-8D11-00A0C91BC942}") = "xmltool", "xmltool\xmltool.vcxproj", "{1C3EB140-235D-4177-81F5-152A1573C4BB}"
EndProject
Global
	GlobalSection(SolutionConfigurationPlatforms) = preSolution
		Debug|Win32 = Debug|Win32
		Release|Win32 = Release|Win32
	EndGlobalSection
	GlobalSection(ProjectConfigurationPlatforms) = postSolution
		{653B87AB-D446-4D66-8D1B-ED76CEEC6E51}.Debug|Win32.ActiveCfg = Debug|Win32
		{653B87AB-D446-4D66-8D1B-ED76CEEC6E51}.Debug|Win32.Build.0 = Debug|Win32
		{653B87AB-D446-4D66-8D1B-ED76CEEC6E51}.Release|Win32.ActiveCfg = Release|Win32
		{653B87AB-D446-4D66-8D1B-ED76CEEC6E51}.Release|Win32.Build.0 = Release|Win32
		{0D5F0398-ED57-40B9-89CE-3C8B7F404DB8}.Debug|Win32.ActiveCfg = Debug|Win32
		{0D5F0398-ED57-40B9-89CE-3C8B7F404DB8}.Debug|Win32.Build.0 = Debug|Win32
		{0D5F0398-ED57-40B9-89CE-3C8B7F404DB8}.Release|Win32.ActiveCfg = Release|Win32
		{0D5F0398-ED57-40B9-89CE-3C8B7F404DB8}.Release|Win32.Build.0 = Release|Win32
		{62BD8C91-5941-4442-9DE5-73FDCFD8E54B}.Debug|Win32.ActiveCfg = Debug|Win32
		{62BD8C91-5941-4442-9DE5-73FDCFD8E54B}.Debug|Win32.Build.0 = Debug|Win32
		{62BD8C91-5941-4442-9DE5-73FDCFD8E54B}.Release|Win32.ActiveCfg = Release|Win32
		{62BD8C91-5941-4442-9DE5-73FDCFD8E54B}.Release|Win32.Build.0 = Release|Win32
		{1C3EB140-235D-4177-81F5-152A1573C4BB}.Debug|Win32.ActiveCfg = Debug|Win32
		{1C3EB140-235D-4177-81F5-152A1573C4BB}.Debug|Win32.Build.0 = Debug|Win32
		{1C3EB140-235D-4177-81F5-152A1573C4BB}.Release|Win32.ActiveCfg = Release|Win32
		{1C3EB140-235D-4177-81F5-152A1573C4BB}.Release|Win32.Build.0 = Release|Win32
	EndGlobalSection
	GlobalSection(SolutionProperties) = preSolution
		HideSolutionNode = FALSE
	EndGlobalSection
EndGlobal
